
Microsoft Visual Studio Solution File, Format Version 12.00
# Visual Studio Version 17
VisualStudioVersion = 17.9.34728.123
MinimumVisualStudioVersion = 10.0.40219.1
Project("{FAE04EC0-301F-11D3-BF4B-00C04F79EFBC}") = "VirtualPet", "VirtualPet\VirtualPet.csproj", "{0844B172-D927-4135-8C9B-FC885AEDCE15}"
EndProject
Global
	GlobalSection(SolutionConfigurationPlatforms) = preSolution
		Debug|Any CPU = Debug|Any CPU
		Release|Any CPU = Release|Any CPU
	EndGlobalSection
	GlobalSection(ProjectConfigurationPlatforms) = postSolution
		{0844B172-D927-4135-8C9B-FC885AEDCE15}.Debug|Any CPU.ActiveCfg = Debug|Any CPU
		{0844B172-D927-4135-8C9B-FC885AEDCE15}.Debug|Any CPU.Build.0 = Debug|Any CPU
		{0844B172-D927-4135-8C9B-FC885AEDCE15}.Release|Any CPU.ActiveCfg = Release|Any CPU
		{0844B172-D927-4135-8C9B-FC885AEDCE15}.Release|Any CPU.Build.0 = Release|Any CPU
	EndGlobalSection
	GlobalSection(SolutionProperties) = preSolution
		HideSolutionNode = FALSE
	EndGlobalSection
	GlobalSection(ExtensibilityGlobals) = postSolution
		SolutionGuid = {8540A1AC-2C14-46DE-985C-9A536610F07A}
	EndGlobalSection
EndGlobal
